
Microsoft Visual Studio Solution File, Format Version 12.00
# Visual Studio 15
VisualStudioVersion = 15.0.27428.2015
MinimumVisualStudioVersion = 10.0.40219.1
Project("{888888A0-9F3D-457C-B088-3A5042F75D52}") = "HabitProSite", "HabitProSite\HabitProSite.pyproj", "{53AA8E6B-8438-4AA5-9AC8-9EF3C565DCFF}"
EndProject
Global
	GlobalSection(SolutionConfigurationPlatforms) = preSolution
		Debug|Any CPU = Debug|Any CPU
		Release|Any CPU = Release|Any CPU
	EndGlobalSection
	GlobalSection(ProjectConfigurationPlatforms) = postSolution
		{53AA8E6B-8438-4AA5-9AC8-9EF3C565DCFF}.Debug|Any CPU.ActiveCfg = Debug|Any CPU
		{53AA8E6B-8438-4AA5-9AC8-9EF3C565DCFF}.Release|Any CPU.ActiveCfg = Release|Any CPU
	EndGlobalSection
	GlobalSection(SolutionProperties) = preSolution
		HideSolutionNode = FALSE
	EndGlobalSection
	GlobalSection(ExtensibilityGlobals) = postSolution
		SolutionGuid = {DE066CCF-54CE-4172-8337-CB8E6C943DDB}
	EndGlobalSection
EndGlobal
